
Microsoft Visual Studio Solution File, Format Version 12.00
# Visual Studio Version 16
VisualStudioVersion = 16.0.30611.23
MinimumVisualStudioVersion = 10.0.40219.1
Project("{9A19103F-16F7-4668-BE54-9A1E7A4F7556}") = "SubProject", "SubProject\SubProject.csproj", "{B7FCD224-8311-409E-A298-04FB664790BE}"
EndProject
Project("{FAE04EC0-301F-11D3-BF4B-00C04F79EFBC}") = "DataServiceLib", "DataServiceLib\DataServiceLib.csproj", "{ECA150EF-1A80-4F5A-A6BD-70E695EECC8F}"
EndProject
Global
	GlobalSection(SolutionConfigurationPlatforms) = preSolution
		Debug|Any CPU = Debug|Any CPU
		Release|Any CPU = Release|Any CPU
	EndGlobalSection
	GlobalSection(ProjectConfigurationPlatforms) = postSolution
		{B7FCD224-8311-409E-A298-04FB664790BE}.Debug|Any CPU.ActiveCfg = Debug|Any CPU
		{B7FCD224-8311-409E-A298-04FB664790BE}.Debug|Any CPU.Build.0 = Debug|Any CPU
		{B7FCD224-8311-409E-A298-04FB664790BE}.Release|Any CPU.ActiveCfg = Release|Any CPU
		{B7FCD224-8311-409E-A298-04FB664790BE}.Release|Any CPU.Build.0 = Release|Any CPU
		{ECA150EF-1A80-4F5A-A6BD-70E695EECC8F}.Debug|Any CPU.ActiveCfg = Debug|Any CPU
		{ECA150EF-1A80-4F5A-A6BD-70E695EECC8F}.Debug|Any CPU.Build.0 = Debug|Any CPU
		{ECA150EF-1A80-4F5A-A6BD-70E695EECC8F}.Release|Any CPU.ActiveCfg = Release|Any CPU
		{ECA150EF-1A80-4F5A-A6BD-70E695EECC8F}.Release|Any CPU.Build.0 = Release|Any CPU
	EndGlobalSection
	GlobalSection(SolutionProperties) = preSolution
		HideSolutionNode = FALSE
	EndGlobalSection
	GlobalSection(ExtensibilityGlobals) = postSolution
		SolutionGuid = {A6283956-5C78-48B6-8614-3D71CF8C5E4F}
	EndGlobalSection
EndGlobal
